{
  "name": "zpl-canvas",
  "version": "0.0.1",
  "lockfileVersion": 3,
  "requires": true,
  "packages": {
    "": {
      "name": "zpl-canvas",
      "version": "0.0.1",
      "license": "MIT",
      "dependencies": {
        "bwip-js": "^4.11.1"
      },
      "peerDependencies": {
        "@napi-rs/canvas": "^1.0.0"
      },
      "peerDependenciesMeta": {
        "@napi-rs/canvas": {
          "optional": true
        }
      }
    },
    "node_modules/bwip-js": {
      "version": "4.11.1",
      "resolved": "https://registry.npmjs.org/bwip-js/-/bwip-js-4.11.1.tgz",
      "integrity": "sha512-9KCjsJF/VSETOS6jPgNxd6X9yCHTbqcm2zccDceX7bOmxDDjQ92V9S+iFf+UD5+hijUZDw7SFsYT7vL2rW7qcQ==",
      "license": "MIT",
      "bin": {
        "bwip-js": "bin/bwip-js.js"
      }
    }
  }
}
